
Microsoft Visual Studio Solution File, Format Version 12.00
# Visual Studio Express 2012 for Windows Desktop
Project("{FAE04EC0-301F-11D3-BF4B-00C04F79EFBC}") = "CRM", "CRM\CRM.csproj", "{63C0AB55-72EF-4929-920E-51834D4E1B3D}"
EndProject
Project("{FAE04EC0-301F-11D3-BF4B-00C04F79EFBC}") = "CRM.ModuleEmployee", "CRM.Emplyee\CRM.ModuleEmployee.csproj", "{EE3156BE-0DD5-4818-B2C1-A87B75C3FE5B}"
EndProject
Project("{2150E333-8FDC-42A3-9474-1A3956D46DE8}") = ".nuget", ".nuget", "{F21DFB9E-6341-4113-A337-203DF4856411}"
	ProjectSection(SolutionItems) = preProject
		.nuget\NuGet.Config = .nuget\NuGet.Config
		.nuget\NuGet.exe = .nuget\NuGet.exe
		.nuget\NuGet.targets = .nuget\NuGet.targets
	EndProjectSection
EndProject
Global
	GlobalSection(SolutionConfigurationPlatforms) = preSolution
		Debug|Any CPU = Debug|Any CPU
		Release|Any CPU = Release|Any CPU
	EndGlobalSection
	GlobalSection(ProjectConfigurationPlatforms) = postSolution
		{63C0AB55-72EF-4929-920E-51834D4E1B3D}.Debug|Any CPU.ActiveCfg = Debug|Any CPU
		{63C0AB55-72EF-4929-920E-51834D4E1B3D}.Debug|Any CPU.Build.0 = Debug|Any CPU
		{63C0AB55-72EF-4929-920E-51834D4E1B3D}.Release|Any CPU.ActiveCfg = Release|Any CPU
		{63C0AB55-72EF-4929-920E-51834D4E1B3D}.Release|Any CPU.Build.0 = Release|Any CPU
		{EE3156BE-0DD5-4818-B2C1-A87B75C3FE5B}.Debug|Any CPU.ActiveCfg = Debug|Any CPU
		{EE3156BE-0DD5-4818-B2C1-A87B75C3FE5B}.Debug|Any CPU.Build.0 = Debug|Any CPU
		{EE3156BE-0DD5-4818-B2C1-A87B75C3FE5B}.Release|Any CPU.ActiveCfg = Release|Any CPU
		{EE3156BE-0DD5-4818-B2C1-A87B75C3FE5B}.Release|Any CPU.Build.0 = Release|Any CPU
	EndGlobalSection
	GlobalSection(SolutionProperties) = preSolution
		HideSolutionNode = FALSE
	EndGlobalSection
EndGlobal
